
Microsoft Visual Studio Solution File, Format Version 12.00
# Visual Studio Version 17
VisualStudioVersion = 17.14.36616.10 d17.14
MinimumVisualStudioVersion = 10.0.40219.1
Project("{FAE04EC0-301F-11D3-BF4B-00C04F79EFBC}") = "Game", "Game.csproj", "{E1DA004E-EF24-480D-8DB4-9E718A508A9B}"
EndProject
Global
	GlobalSection(SolutionConfigurationPlatforms) = preSolution
		Debug|Any CPU = Debug|Any CPU
		Release|Any CPU = Release|Any CPU
	EndGlobalSection
	GlobalSection(ProjectConfigurationPlatforms) = postSolution
		{E1DA004E-EF24-480D-8DB4-9E718A508A9B}.Debug|Any CPU.ActiveCfg = Debug|Any CPU
		{E1DA004E-EF24-480D-8DB4-9E718A508A9B}.Debug|Any CPU.Build.0 = Debug|Any CPU
		{E1DA004E-EF24-480D-8DB4-9E718A508A9B}.Release|Any CPU.ActiveCfg = Release|Any CPU
		{E1DA004E-EF24-480D-8DB4-9E718A508A9B}.Release|Any CPU.Build.0 = Release|Any CPU
	EndGlobalSection
	GlobalSection(SolutionProperties) = preSolution
		HideSolutionNode = FALSE
	EndGlobalSection
	GlobalSection(ExtensibilityGlobals) = postSolution
		SolutionGuid = {B8EFE4E3-7B0A-4C0F-8C2F-38E337BE18D2}
	EndGlobalSection
EndGlobal
